
Microsoft Visual Studio Solution File, Format Version 12.00
# Visual Studio 15
VisualStudioVersion = 15.0.27130.2027
MinimumVisualStudioVersion = 10.0.40219.1
Project("{8BC9CEB8-8B4A-11D0-8D11-00A0C91BC942}") = "BasicInterval", "BasicInterval\BasicInterval.vcxproj", "{A4D800CF-F8E5-40CE-BA83-C9A4C3742008}"
EndProject
Project("{8BC9CEB8-8B4A-11D0-8D11-00A0C91BC942}") = "BasicInterval.Test", "BasicInterval.Test\BasicInterval.Test.vcxproj", "{D2B11B67-3F08-49C2-B7F6-E5EEC74301A6}"
EndProject
Project("{8BC9CEB8-8B4A-11D0-8D11-00A0C91BC942}") = "DemoAbstractFactory", "DemoAbstractFactory\DemoAbstractFactory.vcxproj", "{FFDB2537-8EA0-4648-AAAF-E5C650702B94}"
EndProject
Project("{8BC9CEB8-8B4A-11D0-8D11-00A0C91BC942}") = "uNext", "uNext\uNext.vcxproj", "{DE7E650D-BC2A-405B-982E-D3B030DE4814}"
EndProject
Project("{8BC9CEB8-8B4A-11D0-8D11-00A0C91BC942}") = "CallingAsmProcInC", "CallingAsmProcInC\CallingAsmProcInC.vcxproj", "{4164AA65-1EF9-4E69-899B-D1BED776070B}"
EndProject
Project("{8BC9CEB8-8B4A-11D0-8D11-00A0C91BC942}") = "CoCaro", "CoCaro\CoCaro.vcxproj", "{2AF1F8FE-A678-4329-810D-A98030533D51}"
EndProject
Project("{8BC9CEB8-8B4A-11D0-8D11-00A0C91BC942}") = "GPExport", "GPExport\GPExport.vcxproj", "{055E0744-2187-4DBC-88A8-698C3C624536}"
EndProject
Project("{8BC9CEB8-8B4A-11D0-8D11-00A0C91BC942}") = "3rdParty", "3rdParty\3rdParty.vcxproj", "{73F2022A-CB9A-4F60-A2A2-83EA091D8760}"
EndProject
Project("{8BC9CEB8-8B4A-11D0-8D11-00A0C91BC942}") = "CalendarExt", "CalendarExt\CalendarExt.vcxproj", "{61AD2336-393C-45D3-AD65-41BCDB5C6A71}"
EndProject
Project("{8BC9CEB8-8B4A-11D0-8D11-00A0C91BC942}") = "EncryptDecrypt", "EncryptDecrypt\EncryptDecrypt.vcxproj", "{97A632D3-FB31-44BE-A96E-6E9DB84221D2}"
EndProject
Project("{8BC9CEB8-8B4A-11D0-8D11-00A0C91BC942}") = "FMindImportExport", "FMindImportExport\FMindImportExport.vcxproj", "{83050075-C49B-48C8-800E-E62715CA58CA}"
EndProject
Project("{8BC9CEB8-8B4A-11D0-8D11-00A0C91BC942}") = "FtpStorage", "FtpStorage\FtpStorage.vcxproj", "{EA3D2290-64A2-4171-A969-007E2EB2D017}"
EndProject
Project("{8BC9CEB8-8B4A-11D0-8D11-00A0C91BC942}") = "GanttChartExt", "GanttChartExt\GanttChartExt.vcxproj", "{437A8143-4479-4145-922E-67EDB4EE80D7}"
EndProject
Project("{8BC9CEB8-8B4A-11D0-8D11-00A0C91BC942}") = "iCalImportExport", "iCalImportExport\iCalImportExport.vcxproj", "{741DFE49-2CFD-46E8-A1E1-E02E3026EEA2}"
EndProject
Project("{8BC9CEB8-8B4A-11D0-8D11-00A0C91BC942}") = "MLOImport", "MLOImport\MLOImport.vcxproj", "{D0B2FDDC-1A92-43DB-A1A6-81DE80DBE44C}"
EndProject
Project("{8BC9CEB8-8B4A-11D0-8D11-00A0C91BC942}") = "MySpellCheck", "MySpellCheck\MySpellCheck.vcxproj", "{DA0E37AA-5AAF-4EEA-B835-C438CA96F469}"
EndProject
Project("{8BC9CEB8-8B4A-11D0-8D11-00A0C91BC942}") = "OutlookImpExp", "OutlookImpExp\OutlookImpExp.vcxproj", "{9DBB7EF6-1D1A-4EE1-B807-5EFB53E6BD87}"
EndProject
Project("{8BC9CEB8-8B4A-11D0-8D11-00A0C91BC942}") = "PlainTextImport", "PlainTextImport\PlainTextImport.vcxproj", "{8C4F87E6-1A1E-474E-BE82-1A1C42DBAF1C}"
EndProject
Project("{8BC9CEB8-8B4A-11D0-8D11-00A0C91BC942}") = "RTFContentCtrl", "RTFContentCtrl\RTFContentCtrl.vcxproj", "{D955C2EC-25EE-4C09-9A4E-86B2FE95964F}"
EndProject
Project("{8BC9CEB8-8B4A-11D0-8D11-00A0C91BC942}") = "Shared", "Shared\Shared.vcxproj", "{F9E04C02-1FBA-4344-90D7-B027708B1E1F}"
EndProject
Project("{8BC9CEB8-8B4A-11D0-8D11-00A0C91BC942}") = "StatisticsExt", "StatisticsExt\StatisticsExt.vcxproj", "{160D28A2-C5AD-4DE5-9D17-00DC1A18FA77}"
EndProject
Project("{8BC9CEB8-8B4A-11D0-8D11-00A0C91BC942}") = "ToDoList", "ToDoList\ToDoList.vcxproj", "{AEE55FBC-DAD4-464E-80D7-29C3858A369A}"
EndProject
Project("{8BC9CEB8-8B4A-11D0-8D11-00A0C91BC942}") = "TransText", "TransText\TransText.vcxproj", "{F282754A-F614-4DDD-A3E7-AC5565A49E01}"
EndProject
Project("{8BC9CEB8-8B4A-11D0-8D11-00A0C91BC942}") = "OpenGLWebCamCapture", "OpenGLWebCamCapture\OpenGLWebCamCapture.vcxproj", "{E631CA69-958C-4DAE-8449-A7F8248B9460}"
EndProject
Project("{8BC9CEB8-8B4A-11D0-8D11-00A0C91BC942}") = "videoInput", "videoInput\videoInput.vcxproj", "{E45BDB9F-9880-4970-9F99-68443EC0DE7D}"
EndProject
Project("{8BC9CEB8-8B4A-11D0-8D11-00A0C91BC942}") = "USBCameraProxy", "USBCameraProxy\USBCameraProxy.vcxproj", "{DC2E9FE5-C1AB-46F7-B683-9466C7913F6A}"
EndProject
Project("{8BC9CEB8-8B4A-11D0-8D11-00A0C91BC942}") = "UnitTestvideoInput", "UnitTestvideoInput\UnitTestvideoInput.vcxproj", "{B6FEFEA2-1A7F-40E6-A26F-7D6778371756}"
EndProject
Global
	GlobalSection(SolutionConfigurationPlatforms) = preSolution
		Debug|x64 = Debug|x64
		Debug|x86 = Debug|x86
		Release|x64 = Release|x64
		Release|x86 = Release|x86
	EndGlobalSection
	GlobalSection(ProjectConfigurationPlatforms) = postSolution
		{A4D800CF-F8E5-40CE-BA83-C9A4C3742008}.Debug|x64.ActiveCfg = Debug|x64
		{A4D800CF-F8E5-40CE-BA83-C9A4C3742008}.Debug|x64.Build.0 = Debug|x64
		{A4D800CF-F8E5-40CE-BA83-C9A4C3742008}.Debug|x86.ActiveCfg = Debug|Win32
		{A4D800CF-F8E5-40CE-BA83-C9A4C3742008}.Debug|x86.Build.0 = Debug|Win32
		{A4D800CF-F8E5-40CE-BA83-C9A4C3742008}.Release|x64.ActiveCfg = Release|x64
		{A4D800CF-F8E5-40CE-BA83-C9A4C3742008}.Release|x64.Build.0 = Release|x64
		{A4D800CF-F8E5-40CE-BA83-C9A4C3742008}.Release|x86.ActiveCfg = Release|Win32
		{A4D800CF-F8E5-40CE-BA83-C9A4C3742008}.Release|x86.Build.0 = Release|Win32
		{D2B11B67-3F08-49C2-B7F6-E5EEC74301A6}.Debug|x64.ActiveCfg = Debug|x64
		{D2B11B67-3F08-49C2-B7F6-E5EEC74301A6}.Debug|x64.Build.0 = Debug|x64
		{D2B11B67-3F08-49C2-B7F6-E5EEC74301A6}.Debug|x86.ActiveCfg = Debug|Win32
		{D2B11B67-3F08-49C2-B7F6-E5EEC74301A6}.Debug|x86.Build.0 = Debug|Win32
		{D2B11B67-3F08-49C2-B7F6-E5EEC74301A6}.Release|x64.ActiveCfg = Release|x64
		{D2B11B67-3F08-49C2-B7F6-E5EEC74301A6}.Release|x64.Build.0 = Release|x64
		{D2B11B67-3F08-49C2-B7F6-E5EEC74301A6}.Release|x86.ActiveCfg = Release|Win32
		{D2B11B67-3F08-49C2-B7F6-E5EEC74301A6}.Release|x86.Build.0 = Release|Win32
		{FFDB2537-8EA0-4648-AAAF-E5C650702B94}.Debug|x64.ActiveCfg = Debug|Win32
		{FFDB2537-8EA0-4648-AAAF-E5C650702B94}.Debug|x86.ActiveCfg = Debug|Win32
		{FFDB2537-8EA0-4648-AAAF-E5C650702B94}.Debug|x86.Build.0 = Debug|Win32
		{FFDB2537-8EA0-4648-AAAF-E5C650702B94}.Release|x64.ActiveCfg = Release|Win32
		{FFDB2537-8EA0-4648-AAAF-E5C650702B94}.Release|x86.ActiveCfg = Release|Win32
		{FFDB2537-8EA0-4648-AAAF-E5C650702B94}.Release|x86.Build.0 = Release|Win32
		{DE7E650D-BC2A-405B-982E-D3B030DE4814}.Debug|x64.ActiveCfg = Debug|Win32
		{DE7E650D-BC2A-405B-982E-D3B030DE4814}.Debug|x86.ActiveCfg = Debug|Win32
		{DE7E650D-BC2A-405B-982E-D3B030DE4814}.Debug|x86.Build.0 = Debug|Win32
		{DE7E650D-BC2A-405B-982E-D3B030DE4814}.Release|x64.ActiveCfg = Release|Win32
		{DE7E650D-BC2A-405B-982E-D3B030DE4814}.Release|x86.ActiveCfg = Release|Win32
		{DE7E650D-BC2A-405B-982E-D3B030DE4814}.Release|x86.Build.0 = Release|Win32
		{4164AA65-1EF9-4E69-899B-D1BED776070B}.Debug|x64.ActiveCfg = Debug|Win32
		{4164AA65-1EF9-4E69-899B-D1BED776070B}.Debug|x86.ActiveCfg = Debug|Win32
		{4164AA65-1EF9-4E69-899B-D1BED776070B}.Debug|x86.Build.0 = Debug|Win32
		{4164AA65-1EF9-4E69-899B-D1BED776070B}.Release|x64.ActiveCfg = Release|Win32
		{4164AA65-1EF9-4E69-899B-D1BED776070B}.Release|x86.ActiveCfg = Release|Win32
		{4164AA65-1EF9-4E69-899B-D1BED776070B}.Release|x86.Build.0 = Release|Win32
		{2AF1F8FE-A678-4329-810D-A98030533D51}.Debug|x64.ActiveCfg = Debug|x64
		{2AF1F8FE-A678-4329-810D-A98030533D51}.Debug|x64.Build.0 = Debug|x64
		{2AF1F8FE-A678-4329-810D-A98030533D51}.Debug|x86.ActiveCfg = Debug|Win32
		{2AF1F8FE-A678-4329-810D-A98030533D51}.Debug|x86.Build.0 = Debug|Win32
		{2AF1F8FE-A678-4329-810D-A98030533D51}.Release|x64.ActiveCfg = Release|x64
		{2AF1F8FE-A678-4329-810D-A98030533D51}.Release|x64.Build.0 = Release|x64
		{2AF1F8FE-A678-4329-810D-A98030533D51}.Release|x86.ActiveCfg = Release|Win32
		{2AF1F8FE-A678-4329-810D-A98030533D51}.Release|x86.Build.0 = Release|Win32
		{055E0744-2187-4DBC-88A8-698C3C624536}.Debug|x64.ActiveCfg = Debug|x64
		{055E0744-2187-4DBC-88A8-698C3C624536}.Debug|x64.Build.0 = Debug|x64
		{055E0744-2187-4DBC-88A8-698C3C624536}.Debug|x86.ActiveCfg = Debug|Win32
		{055E0744-2187-4DBC-88A8-698C3C624536}.Debug|x86.Build.0 = Debug|Win32
		{055E0744-2187-4DBC-88A8-698C3C624536}.Release|x64.ActiveCfg = Release|x64
		{055E0744-2187-4DBC-88A8-698C3C624536}.Release|x64.Build.0 = Release|x64
		{055E0744-2187-4DBC-88A8-698C3C624536}.Release|x86.ActiveCfg = Release|Win32
		{055E0744-2187-4DBC-88A8-698C3C624536}.Release|x86.Build.0 = Release|Win32
		{73F2022A-CB9A-4F60-A2A2-83EA091D8760}.Debug|x64.ActiveCfg = Debug|x64
		{73F2022A-CB9A-4F60-A2A2-83EA091D8760}.Debug|x64.Build.0 = Debug|x64
		{73F2022A-CB9A-4F60-A2A2-83EA091D8760}.Debug|x86.ActiveCfg = Debug|Win32
		{73F2022A-CB9A-4F60-A2A2-83EA091D8760}.Debug|x86.Build.0 = Debug|Win32
		{73F2022A-CB9A-4F60-A2A2-83EA091D8760}.Release|x64.ActiveCfg = Release|x64
		{73F2022A-CB9A-4F60-A2A2-83EA091D8760}.Release|x64.Build.0 = Release|x64
		{73F2022A-CB9A-4F60-A2A2-83EA091D8760}.Release|x86.ActiveCfg = Release|Win32
		{73F2022A-CB9A-4F60-A2A2-83EA091D8760}.Release|x86.Build.0 = Release|Win32
		{61AD2336-393C-45D3-AD65-41BCDB5C6A71}.Debug|x64.ActiveCfg = Debug|x64
		{61AD2336-393C-45D3-AD65-41BCDB5C6A71}.Debug|x64.Build.0 = Debug|x64
		{61AD2336-393C-45D3-AD65-41BCDB5C6A71}.Debug|x86.ActiveCfg = Debug|Win32
		{61AD2336-393C-45D3-AD65-41BCDB5C6A71}.Debug|x86.Build.0 = Debug|Win32
		{61AD2336-393C-45D3-AD65-41BCDB5C6A71}.Release|x64.ActiveCfg = Release|x64
		{61AD2336-393C-45D3-AD65-41BCDB5C6A71}.Release|x64.Build.0 = Release|x64
		{61AD2336-393C-45D3-AD65-41BCDB5C6A71}.Release|x86.ActiveCfg = Release|Win32
		{61AD2336-393C-45D3-AD65-41BCDB5C6A71}.Release|x86.Build.0 = Release|Win32
		{97A632D3-FB31-44BE-A96E-6E9DB84221D2}.Debug|x64.ActiveCfg = Debug|x64
		{97A632D3-FB31-44BE-A96E-6E9DB84221D2}.Debug|x64.Build.0 = Debug|x64
		{97A632D3-FB31-44BE-A96E-6E9DB84221D2}.Debug|x86.ActiveCfg = Debug|Win32
		{97A632D3-FB31-44BE-A96E-6E9DB84221D2}.Debug|x86.Build.0 = Debug|Win32
		{97A632D3-FB31-44BE-A96E-6E9DB84221D2}.Release|x64.ActiveCfg = Release|x64
		{97A632D3-FB31-44BE-A96E-6E9DB84221D2}.Release|x64.Build.0 = Release|x64
		{97A632D3-FB31-44BE-A96E-6E9DB84221D2}.Release|x86.ActiveCfg = Release|Win32
		{97A632D3-FB31-44BE-A96E-6E9DB84221D2}.Release|x86.Build.0 = Release|Win32
		{83050075-C49B-48C8-800E-E62715CA58CA}.Debug|x64.ActiveCfg = Debug|x64
		{83050075-C49B-48C8-800E-E62715CA58CA}.Debug|x64.Build.0 = Debug|x64
		{83050075-C49B-48C8-800E-E62715CA58CA}.Debug|x86.ActiveCfg = Debug|Win32
		{83050075-C49B-48C8-800E-E62715CA58CA}.Debug|x86.Build.0 = Debug|Win32
		{83050075-C49B-48C8-800E-E62715CA58CA}.Release|x64.ActiveCfg = Release|x64
		{83050075-C49B-48C8-800E-E62715CA58CA}.Release|x64.Build.0 = Release|x64
		{83050075-C49B-48C8-800E-E62715CA58CA}.Release|x86.ActiveCfg = Release|Win32
		{83050075-C49B-48C8-800E-E62715CA58CA}.Release|x86.Build.0 = Release|Win32
		{EA3D2290-64A2-4171-A969-007E2EB2D017}.Debug|x64.ActiveCfg = Debug|x64
		{EA3D2290-64A2-4171-A969-007E2EB2D017}.Debug|x64.Build.0 = Debug|x64
		{EA3D2290-64A2-4171-A969-007E2EB2D017}.Debug|x86.ActiveCfg = Debug|Win32
		{EA3D2290-64A2-4171-A969-007E2EB2D017}.Debug|x86.Build.0 = Debug|Win32
		{EA3D2290-64A2-4171-A969-007E2EB2D017}.Release|x64.ActiveCfg = Release|x64
		{EA3D2290-64A2-4171-A969-007E2EB2D017}.Release|x64.Build.0 = Release|x64
		{EA3D2290-64A2-4171-A969-007E2EB2D017}.Release|x86.ActiveCfg = Release|Win32
		{EA3D2290-64A2-4171-A969-007E2EB2D017}.Release|x86.Build.0 = Release|Win32
		{437A8143-4479-4145-922E-67EDB4EE80D7}.Debug|x64.ActiveCfg = Debug|x64
		{437A8143-4479-4145-922E-67EDB4EE80D7}.Debug|x64.Build.0 = Debug|x64
		{437A8143-4479-4145-922E-67EDB4EE80D7}.Debug|x86.ActiveCfg = Debug|Win32
		{437A8143-4479-4145-922E-67EDB4EE80D7}.Debug|x86.Build.0 = Debug|Win32
		{437A8143-4479-4145-922E-67EDB4EE80D7}.Release|x64.ActiveCfg = Release|x64
		{437A8143-4479-4145-922E-67EDB4EE80D7}.Release|x64.Build.0 = Release|x64
		{437A8143-4479-4145-922E-67EDB4EE80D7}.Release|x86.ActiveCfg = Release|Win32
		{437A8143-4479-4145-922E-67EDB4EE80D7}.Release|x86.Build.0 = Release|Win32
		{741DFE49-2CFD-46E8-A1E1-E02E3026EEA2}.Debug|x64.ActiveCfg = Debug|x64
		{741DFE49-2CFD-46E8-A1E1-E02E3026EEA2}.Debug|x64.Build.0 = Debug|x64
		{741DFE49-2CFD-46E8-A1E1-E02E3026EEA2}.Debug|x86.ActiveCfg = Debug|Win32
		{741DFE49-2CFD-46E8-A1E1-E02E3026EEA2}.Debug|x86.Build.0 = Debug|Win32
		{741DFE49-2CFD-46E8-A1E1-E02E3026EEA2}.Release|x64.ActiveCfg = Release|x64
		{741DFE49-2CFD-46E8-A1E1-E02E3026EEA2}.Release|x64.Build.0 = Release|x64
		{741DFE49-2CFD-46E8-A1E1-E02E3026EEA2}.Release|x86.ActiveCfg = Release|Win32
		{741DFE49-2CFD-46E8-A1E1-E02E3026EEA2}.Release|x86.Build.0 = Release|Win32
		{D0B2FDDC-1A92-43DB-A1A6-81DE80DBE44C}.Debug|x64.ActiveCfg = Debug|x64
		{D0B2FDDC-1A92-43DB-A1A6-81DE80DBE44C}.Debug|x64.Build.0 = Debug|x64
		{D0B2FDDC-1A92-43DB-A1A6-81DE80DBE44C}.Debug|x86.ActiveCfg = Debug|Win32
		{D0B2FDDC-1A92-43DB-A1A6-81DE80DBE44C}.Debug|x86.Build.0 = Debug|Win32
		{D0B2FDDC-1A92-43DB-A1A6-81DE80DBE44C}.Release|x64.ActiveCfg = Release|x64
		{D0B2FDDC-1A92-43DB-A1A6-81DE80DBE44C}.Release|x64.Build.0 = Release|x64
		{D0B2FDDC-1A92-43DB-A1A6-81DE80DBE44C}.Release|x86.ActiveCfg = Release|Win32
		{D0B2FDDC-1A92-43DB-A1A6-81DE80DBE44C}.Release|x86.Build.0 = Release|Win32
		{DA0E37AA-5AAF-4EEA-B835-C438CA96F469}.Debug|x64.ActiveCfg = Debug|x64
		{DA0E37AA-5AAF-4EEA-B835-C438CA96F469}.Debug|x64.Build.0 = Debug|x64
		{DA0E37AA-5AAF-4EEA-B835-C438CA96F469}.Debug|x86.ActiveCfg = Debug|Win32
		{DA0E37AA-5AAF-4EEA-B835-C438CA96F469}.Debug|x86.Build.0 = Debug|Win32
		{DA0E37AA-5AAF-4EEA-B835-C438CA96F469}.Release|x64.ActiveCfg = Release|x64
		{DA0E37AA-5AAF-4EEA-B835-C438CA96F469}.Release|x64.Build.0 = Release|x64
		{DA0E37AA-5AAF-4EEA-B835-C438CA96F469}.Release|x86.ActiveCfg = Release|Win32
		{DA0E37AA-5AAF-4EEA-B835-C438CA96F469}.Release|x86.Build.0 = Release|Win32
		{9DBB7EF6-1D1A-4EE1-B807-5EFB53E6BD87}.Debug|x64.ActiveCfg = Debug|x64
		{9DBB7EF6-1D1A-4EE1-B807-5EFB53E6BD87}.Debug|x64.Build.0 = Debug|x64
		{9DBB7EF6-1D1A-4EE1-B807-5EFB53E6BD87}.Debug|x86.ActiveCfg = Debug|Win32
		{9DBB7EF6-1D1A-4EE1-B807-5EFB53E6BD87}.Debug|x86.Build.0 = Debug|Win32
		{9DBB7EF6-1D1A-4EE1-B807-5EFB53E6BD87}.Release|x64.ActiveCfg = Release|x64
		{9DBB7EF6-1D1A-4EE1-B807-5EFB53E6BD87}.Release|x64.Build.0 = Release|x64
		{9DBB7EF6-1D1A-4EE1-B807-5EFB53E6BD87}.Release|x86.ActiveCfg = Release|Win32
		{9DBB7EF6-1D1A-4EE1-B807-5EFB53E6BD87}.Release|x86.Build.0 = Release|Win32
		{8C4F87E6-1A1E-474E-BE82-1A1C42DBAF1C}.Debug|x64.ActiveCfg = Debug|x64
		{8C4F87E6-1A1E-474E-BE82-1A1C42DBAF1C}.Debug|x64.Build.0 = Debug|x64
		{8C4F87E6-1A1E-474E-BE82-1A1C42DBAF1C}.Debug|x86.ActiveCfg = Debug|Win32
		{8C4F87E6-1A1E-474E-BE82-1A1C42DBAF1C}.Debug|x86.Build.0 = Debug|Win32
		{8C4F87E6-1A1E-474E-BE82-1A1C42DBAF1C}.Release|x64.ActiveCfg = Release|x64
		{8C4F87E6-1A1E-474E-BE82-1A1C42DBAF1C}.Release|x64.Build.0 = Release|x64
		{8C4F87E6-1A1E-474E-BE82-1A1C42DBAF1C}.Release|x86.ActiveCfg = Release|Win32
		{8C4F87E6-1A1E-474E-BE82-1A1C42DBAF1C}.Release|x86.Build.0 = Release|Win32
		{D955C2EC-25EE-4C09-9A4E-86B2FE95964F}.Debug|x64.ActiveCfg = Debug|x64
		{D955C2EC-25EE-4C09-9A4E-86B2FE95964F}.Debug|x64.Build.0 = Debug|x64
		{D955C2EC-25EE-4C09-9A4E-86B2FE95964F}.Debug|x86.ActiveCfg = Debug|Win32
		{D955C2EC-25EE-4C09-9A4E-86B2FE95964F}.Debug|x86.Build.0 = Debug|Win32
		{D955C2EC-25EE-4C09-9A4E-86B2FE95964F}.Release|x64.ActiveCfg = Release|x64
		{D955C2EC-25EE-4C09-9A4E-86B2FE95964F}.Release|x64.Build.0 = Release|x64
		{D955C2EC-25EE-4C09-9A4E-86B2FE95964F}.Release|x86.ActiveCfg = Release|Win32
		{D955C2EC-25EE-4C09-9A4E-86B2FE95964F}.Release|x86.Build.0 = Release|Win32
		{F9E04C02-1FBA-4344-90D7-B027708B1E1F}.Debug|x64.ActiveCfg = Debug|x64
		{F9E04C02-1FBA-4344-90D7-B027708B1E1F}.Debug|x64.Build.0 = Debug|x64
		{F9E04C02-1FBA-4344-90D7-B027708B1E1F}.Debug|x86.ActiveCfg = Debug|Win32
		{F9E04C02-1FBA-4344-90D7-B027708B1E1F}.Debug|x86.Build.0 = Debug|Win32
		{F9E04C02-1FBA-4344-90D7-B027708B1E1F}.Release|x64.ActiveCfg = Release|x64
		{F9E04C02-1FBA-4344-90D7-B027708B1E1F}.Release|x64.Build.0 = Release|x64
		{F9E04C02-1FBA-4344-90D7-B027708B1E1F}.Release|x86.ActiveCfg = Release|Win32
		{F9E04C02-1FBA-4344-90D7-B027708B1E1F}.Release|x86.Build.0 = Release|Win32
		{160D28A2-C5AD-4DE5-9D17-00DC1A18FA77}.Debug|x64.ActiveCfg = Debug|x64
		{160D28A2-C5AD-4DE5-9D17-00DC1A18FA77}.Debug|x64.Build.0 = Debug|x64
		{160D28A2-C5AD-4DE5-9D17-00DC1A18FA77}.Debug|x86.ActiveCfg = Debug|Win32
		{160D28A2-C5AD-4DE5-9D17-00DC1A18FA77}.Debug|x86.Build.0 = Debug|Win32
		{160D28A2-C5AD-4DE5-9D17-00DC1A18FA77}.Release|x64.ActiveCfg = Release|x64
		{160D28A2-C5AD-4DE5-9D17-00DC1A18FA77}.Release|x64.Build.0 = Release|x64
		{160D28A2-C5AD-4DE5-9D17-00DC1A18FA77}.Release|x86.ActiveCfg = Release|Win32
		{160D28A2-C5AD-4DE5-9D17-00DC1A18FA77}.Release|x86.Build.0 = Release|Win32
		{AEE55FBC-DAD4-464E-80D7-29C3858A369A}.Debug|x64.ActiveCfg = Debug|x64
		{AEE55FBC-DAD4-464E-80D7-29C3858A369A}.Debug|x64.Build.0 = Debug|x64
		{AEE55FBC-DAD4-464E-80D7-29C3858A369A}.Debug|x86.ActiveCfg = Debug|Win32
		{AEE55FBC-DAD4-464E-80D7-29C3858A369A}.Debug|x86.Build.0 = Debug|Win32
		{AEE55FBC-DAD4-464E-80D7-29C3858A369A}.Release|x64.ActiveCfg = Release|x64
		{AEE55FBC-DAD4-464E-80D7-29C3858A369A}.Release|x64.Build.0 = Release|x64
		{AEE55FBC-DAD4-464E-80D7-29C3858A369A}.Release|x86.ActiveCfg = Release|Win32
		{AEE55FBC-DAD4-464E-80D7-29C3858A369A}.Release|x86.Build.0 = Release|Win32
		{F282754A-F614-4DDD-A3E7-AC5565A49E01}.Debug|x64.ActiveCfg = Debug|x64
		{F282754A-F614-4DDD-A3E7-AC5565A49E01}.Debug|x64.Build.0 = Debug|x64
		{F282754A-F614-4DDD-A3E7-AC5565A49E01}.Debug|x86.ActiveCfg = Debug|Win32
		{F282754A-F614-4DDD-A3E7-AC5565A49E01}.Debug|x86.Build.0 = Debug|Win32
		{F282754A-F614-4DDD-A3E7-AC5565A49E01}.Release|x64.ActiveCfg = Release|x64
		{F282754A-F614-4DDD-A3E7-AC5565A49E01}.Release|x64.Build.0 = Release|x64
		{F282754A-F614-4DDD-A3E7-AC5565A49E01}.Release|x86.ActiveCfg = Release|Win32
		{F282754A-F614-4DDD-A3E7-AC5565A49E01}.Release|x86.Build.0 = Release|Win32
		{E631CA69-958C-4DAE-8449-A7F8248B9460}.Debug|x64.ActiveCfg = Debug|Win32
		{E631CA69-958C-4DAE-8449-A7F8248B9460}.Debug|x86.ActiveCfg = Debug|Win32
		{E631CA69-958C-4DAE-8449-A7F8248B9460}.Debug|x86.Build.0 = Debug|Win32
		{E631CA69-958C-4DAE-8449-A7F8248B9460}.Release|x64.ActiveCfg = Release|Win32
		{E631CA69-958C-4DAE-8449-A7F8248B9460}.Release|x86.ActiveCfg = Release|Win32
		{E631CA69-958C-4DAE-8449-A7F8248B9460}.Release|x86.Build.0 = Release|Win32
		{E45BDB9F-9880-4970-9F99-68443EC0DE7D}.Debug|x64.ActiveCfg = Debug|Win32
		{E45BDB9F-9880-4970-9F99-68443EC0DE7D}.Debug|x86.ActiveCfg = Debug|Win32
		{E45BDB9F-9880-4970-9F99-68443EC0DE7D}.Debug|x86.Build.0 = Debug|Win32
		{E45BDB9F-9880-4970-9F99-68443EC0DE7D}.Release|x64.ActiveCfg = Release|Win32
		{E45BDB9F-9880-4970-9F99-68443EC0DE7D}.Release|x86.ActiveCfg = Release|Win32
		{E45BDB9F-9880-4970-9F99-68443EC0DE7D}.Release|x86.Build.0 = Release|Win32
		{DC2E9FE5-C1AB-46F7-B683-9466C7913F6A}.Debug|x64.ActiveCfg = Debug|Win32
		{DC2E9FE5-C1AB-46F7-B683-9466C7913F6A}.Debug|x86.ActiveCfg = Debug|Win32
		{DC2E9FE5-C1AB-46F7-B683-9466C7913F6A}.Debug|x86.Build.0 = Debug|Win32
		{DC2E9FE5-C1AB-46F7-B683-9466C7913F6A}.Release|x64.ActiveCfg = Release|Win32
		{DC2E9FE5-C1AB-46F7-B683-9466C7913F6A}.Release|x86.ActiveCfg = Release|Win32
		{DC2E9FE5-C1AB-46F7-B683-9466C7913F6A}.Release|x86.Build.0 = Release|Win32
		{B6FEFEA2-1A7F-40E6-A26F-7D6778371756}.Debug|x64.ActiveCfg = Debug|Win32
		{B6FEFEA2-1A7F-40E6-A26F-7D6778371756}.Debug|x86.ActiveCfg = Debug|Win32
		{B6FEFEA2-1A7F-40E6-A26F-7D6778371756}.Debug|x86.Build.0 = Debug|Win32
		{B6FEFEA2-1A7F-40E6-A26F-7D6778371756}.Release|x64.ActiveCfg = Release|Win32
		{B6FEFEA2-1A7F-40E6-A26F-7D6778371756}.Release|x86.ActiveCfg = Release|Win32
		{B6FEFEA2-1A7F-40E6-A26F-7D6778371756}.Release|x86.Build.0 = Release|Win32
	EndGlobalSection
	GlobalSection(SolutionProperties) = preSolution
		HideSolutionNode = FALSE
	EndGlobalSection
	GlobalSection(ExtensibilityGlobals) = postSolution
		SolutionGuid = {0EF99121-4D52-4B53-A79F-A95A1197175F}
	EndGlobalSection
EndGlobal
