<?xml version="1.0" encoding="utf-8"?>
<Project ToolsVersion="4.0" xmlns="http://schemas.microsoft.com/developer/msbuild/2003">
  <ItemGroup>
    <Filter Include="Source Files">
      <UniqueIdentifier>{4FC737F1-C7A5-4376-A066-2A32D752A2FF}</UniqueIdentifier>
      <Extensions>cpp;c;cc;cxx;def;odl;idl;hpj;bat;asm;asmx</Extensions>
    </Filter>
    <Filter Include="Header Files">
      <UniqueIdentifier>{93995380-89BD-4b04-88EB-625FBE52EBFB}</UniqueIdentifier>
      <Extensions>h;hh;hpp;hxx;hm;inl;inc;xsd</Extensions>
    </Filter>
    <Filter Include="Resource Files">
      <UniqueIdentifier>{67DA6AB6-F800-4c08-8B7A-83BB121AAD01}</UniqueIdentifier>
      <Extensions>rc;ico;cur;bmp;dlg;rc2;rct;bin;rgs;gif;jpg;jpeg;jpe;resx;tiff;tif;png;wav;mfcribbon-ms</Extensions>
    </Filter>
  </ItemGroup>
  <ItemGroup>
    <ClCompile Include="AboutDlg.cpp">
      <Filter>Source Files</Filter>
    </ClCompile>
    <ClCompile Include="autocombobox.cpp">
      <Filter>Source Files</Filter>
    </ClCompile>
    <ClCompile Include="AutoFlag.cpp">
      <Filter>Source Files</Filter>
    </ClCompile>
    <ClCompile Include="BinaryData.cpp">
      <Filter>Source Files</Filter>
    </ClCompile>
    <ClCompile Include="browserdlg.cpp">
      <Filter>Source Files</Filter>
    </ClCompile>
    <ClCompile Include="checkcombobox.cpp">
      <Filter>Source Files</Filter>
    </ClCompile>
    <ClCompile Include="checklistboxex.cpp">
      <Filter>Source Files</Filter>
    </ClCompile>
    <ClCompile Include="colorbutton.cpp">
      <Filter>Source Files</Filter>
    </ClCompile>
    <ClCompile Include="colorcombobox.cpp">
      <Filter>Source Files</Filter>
    </ClCompile>
    <ClCompile Include="ContentCtrl.cpp">
      <Filter>Source Files</Filter>
    </ClCompile>
    <ClCompile Include="ContentMgr.cpp">
      <Filter>Source Files</Filter>
    </ClCompile>
    <ClCompile Include="contenttypecombobox.cpp">
      <Filter>Source Files</Filter>
    </ClCompile>
    <ClCompile Include="custombutton.cpp">
      <Filter>Source Files</Filter>
    </ClCompile>
    <ClCompile Include="DateHelper.cpp">
      <Filter>Source Files</Filter>
    </ClCompile>
    <ClCompile Include="DateTimeCtrlEx.cpp">
      <Filter>Source Files</Filter>
    </ClCompile>
    <ClCompile Include="deferWndMove.cpp">
      <Filter>Source Files</Filter>
    </ClCompile>
    <ClCompile Include="DialogHelper.cpp">
      <Filter>Source Files</Filter>
    </ClCompile>
    <ClCompile Include="DlgUnits.cpp">
      <Filter>Source Files</Filter>
    </ClCompile>
    <ClCompile Include="DockManager.cpp">
      <Filter>Source Files</Filter>
    </ClCompile>
    <ClCompile Include="driveinfo.cpp">
      <Filter>Source Files</Filter>
    </ClCompile>
    <ClCompile Include="EditShortcutMgr.cpp">
      <Filter>Source Files</Filter>
    </ClCompile>
    <ClCompile Include="EnBitmap.cpp">
      <Filter>Source Files</Filter>
    </ClCompile>
    <ClCompile Include="EnBitmapEx.cpp">
      <Filter>Source Files</Filter>
    </ClCompile>
    <ClCompile Include="enbrowserctrl.cpp">
      <Filter>Source Files</Filter>
    </ClCompile>
    <ClCompile Include="EnCheckComboBox.cpp">
      <Filter>Source Files</Filter>
    </ClCompile>
    <ClCompile Include="encolordialog.cpp">
      <Filter>Source Files</Filter>
    </ClCompile>
    <ClCompile Include="EnCommandLineInfo.cpp">
      <Filter>Source Files</Filter>
    </ClCompile>
    <ClCompile Include="enedit.cpp">
      <Filter>Source Files</Filter>
    </ClCompile>
    <ClCompile Include="enfiledialog.cpp">
      <Filter>Source Files</Filter>
    </ClCompile>
    <ClCompile Include="EnHeaderCtrl.cpp">
      <Filter>Source Files</Filter>
    </ClCompile>
    <ClCompile Include="enlistctrl.cpp">
      <Filter>Source Files</Filter>
    </ClCompile>
    <ClCompile Include="EnMenu.cpp">
      <Filter>Source Files</Filter>
    </ClCompile>
    <ClCompile Include="EnRecentFileList.cpp">
      <Filter>Source Files</Filter>
    </ClCompile>
    <ClCompile Include="enstatic.cpp">
      <Filter>Source Files</Filter>
    </ClCompile>
    <ClCompile Include="EnString.cpp">
      <Filter>Source Files</Filter>
    </ClCompile>
    <ClCompile Include="entoolbar.cpp">
      <Filter>Source Files</Filter>
    </ClCompile>
    <ClCompile Include="fileedit.cpp">
      <Filter>Source Files</Filter>
    </ClCompile>
    <ClCompile Include="FILEMISC.CPP">
      <Filter>Source Files</Filter>
    </ClCompile>
    <ClCompile Include="FileRegister.cpp">
      <Filter>Source Files</Filter>
    </ClCompile>
    <ClCompile Include="FocusWatcher.cpp">
      <Filter>Source Files</Filter>
    </ClCompile>
    <ClCompile Include="FolderDialog.cpp">
      <Filter>Source Files</Filter>
    </ClCompile>
    <ClCompile Include="GdiPlus.cpp">
      <Filter>Source Files</Filter>
    </ClCompile>
    <ClCompile Include="GraphicsMisc.cpp">
      <Filter>Source Files</Filter>
    </ClCompile>
    <ClCompile Include="GroupLine.cpp">
      <Filter>Source Files</Filter>
    </ClCompile>
    <ClCompile Include="HoldRedraw.cpp">
      <Filter>Source Files</Filter>
    </ClCompile>
    <ClCompile Include="hotkeyctrlex.cpp">
      <Filter>Source Files</Filter>
    </ClCompile>
    <ClCompile Include="HotTracker.cpp">
      <Filter>Source Files</Filter>
    </ClCompile>
    <ClCompile Include="ImageProcessors.cpp">
      <Filter>Source Files</Filter>
    </ClCompile>
    <ClCompile Include="ImportExportMgr.cpp">
      <Filter>Source Files</Filter>
    </ClCompile>
    <ClCompile Include="InputListCtrl.cpp">
      <Filter>Source Files</Filter>
    </ClCompile>
    <ClCompile Include="LightBox.cpp">
      <Filter>Source Files</Filter>
    </ClCompile>
    <ClCompile Include="Localizer.cpp">
      <Filter>Source Files</Filter>
    </ClCompile>
    <ClCompile Include="MASKEDIT.CPP">
      <Filter>Source Files</Filter>
    </ClCompile>
    <ClCompile Include="menubutton.cpp">
      <Filter>Source Files</Filter>
    </ClCompile>
    <ClCompile Include="MenuIconMgr.cpp">
      <Filter>Source Files</Filter>
    </ClCompile>
    <ClCompile Include="Misc.cpp">
      <Filter>Source Files</Filter>
    </ClCompile>
    <ClCompile Include="monthcombobox.cpp">
      <Filter>Source Files</Filter>
    </ClCompile>
    <ClCompile Include="MouseWheelMgr.cpp">
      <Filter>Source Files</Filter>
    </ClCompile>
    <ClCompile Include="MSWordHelper.cpp">
      <Filter>Source Files</Filter>
    </ClCompile>
    <ClCompile Include="NcGutter.cpp">
      <Filter>Source Files</Filter>
    </ClCompile>
    <ClCompile Include="OrderedTreeCtrl.cpp">
      <Filter>Source Files</Filter>
    </ClCompile>
    <ClCompile Include="OSVersion.cpp">
      <Filter>Source Files</Filter>
    </ClCompile>
    <ClCompile Include="OutlookHelper.cpp">
      <Filter>Source Files</Filter>
    </ClCompile>
    <ClCompile Include="ownerdrawcomboboxbase.cpp">
      <Filter>Source Files</Filter>
    </ClCompile>
    <ClCompile Include="passworddialog.cpp">
      <Filter>Source Files</Filter>
    </ClCompile>
    <ClCompile Include="popupEditctrl.cpp">
      <Filter>Source Files</Filter>
    </ClCompile>
    <ClCompile Include="popupListboxctrl.cpp">
      <Filter>Source Files</Filter>
    </ClCompile>
    <ClCompile Include="Preferences.cpp">
      <Filter>Source Files</Filter>
    </ClCompile>
    <ClCompile Include="PreferencesBase.cpp">
      <Filter>Source Files</Filter>
    </ClCompile>
    <ClCompile Include="ProgressDlg.cpp">
      <Filter>Source Files</Filter>
    </ClCompile>
    <ClCompile Include="PropertyPageHost.cpp">
      <Filter>Source Files</Filter>
    </ClCompile>
    <ClCompile Include="RCCtrlParser.cpp">
      <Filter>Source Files</Filter>
    </ClCompile>
    <ClCompile Include="Regkey.cpp">
      <Filter>Source Files</Filter>
    </ClCompile>
    <ClCompile Include="RemoteFile.cpp">
      <Filter>Source Files</Filter>
    </ClCompile>
    <ClCompile Include="RemoteFileDialog.cpp">
      <Filter>Source Files</Filter>
    </ClCompile>
    <ClCompile Include="richeditbasectrl.cpp">
      <Filter>Source Files</Filter>
    </ClCompile>
    <ClCompile Include="RichEditHelper.cpp">
      <Filter>Source Files</Filter>
    </ClCompile>
    <ClCompile Include="RichEditNcBorder.cpp">
      <Filter>Source Files</Filter>
    </ClCompile>
    <ClCompile Include="RichEditSpellCheck.cpp">
      <Filter>Source Files</Filter>
    </ClCompile>
    <ClCompile Include="RuntimeDlg.cpp">
      <Filter>Source Files</Filter>
    </ClCompile>
    <ClCompile Include="SaveFocus.cpp">
      <Filter>Source Files</Filter>
    </ClCompile>
    <ClCompile Include="ScrollingPropertyPageHost.cpp">
      <Filter>Source Files</Filter>
    </ClCompile>
    <ClCompile Include="ServerDlg.cpp">
      <Filter>Source Files</Filter>
    </ClCompile>
    <ClCompile Include="ShortcutManager.cpp">
      <Filter>Source Files</Filter>
    </ClCompile>
    <ClCompile Include="SpellCheckDlg.cpp">
      <Filter>Source Files</Filter>
    </ClCompile>
    <ClCompile Include="SpellChecker.cpp">
      <Filter>Source Files</Filter>
    </ClCompile>
    <ClCompile Include="StatusBarProgress.cpp">
      <Filter>Source Files</Filter>
    </ClCompile>
    <ClCompile Include="StickiesAPI.cpp">
      <Filter>Source Files</Filter>
    </ClCompile>
    <ClCompile Include="StickiesWnd.cpp">
      <Filter>Source Files</Filter>
    </ClCompile>
    <ClCompile Include="Subclass.cpp">
      <Filter>Source Files</Filter>
    </ClCompile>
    <ClCompile Include="symbolbutton.cpp">
      <Filter>Source Files</Filter>
    </ClCompile>
    <ClCompile Include="SysImageList.cpp">
      <Filter>Source Files</Filter>
    </ClCompile>
    <ClCompile Include="tabbedcombobox.cpp">
      <Filter>Source Files</Filter>
    </ClCompile>
    <ClCompile Include="tabctrlex.cpp">
      <Filter>Source Files</Filter>
    </ClCompile>
    <ClCompile Include="TasklistStorageMgr.cpp">
      <Filter>Source Files</Filter>
    </ClCompile>
    <ClCompile Include="Themed.cpp">
      <Filter>Source Files</Filter>
    </ClCompile>
    <ClCompile Include="timecombobox.cpp">
      <Filter>Source Files</Filter>
    </ClCompile>
    <ClCompile Include="TimeEdit.cpp">
      <Filter>Source Files</Filter>
    </ClCompile>
    <ClCompile Include="TimeHelper.cpp">
      <Filter>Source Files</Filter>
    </ClCompile>
    <ClCompile Include="ToolbarHelper.cpp">
      <Filter>Source Files</Filter>
    </ClCompile>
    <ClCompile Include="TransTextMgr.cpp">
      <Filter>Source Files</Filter>
    </ClCompile>
    <ClCompile Include="TRAYICON.CPP">
      <Filter>Source Files</Filter>
    </ClCompile>
    <ClCompile Include="TreeCtrlHelper.cpp">
      <Filter>Source Files</Filter>
    </ClCompile>
    <ClCompile Include="TreeDragDropHelper.cpp">
      <Filter>Source Files</Filter>
    </ClCompile>
    <ClCompile Include="TreeListSyncer.cpp">
      <Filter>Source Files</Filter>
    </ClCompile>
    <ClCompile Include="TreeSelectionHelper.cpp">
      <Filter>Source Files</Filter>
    </ClCompile>
    <ClCompile Include="UIExtensionMgr.cpp">
      <Filter>Source Files</Filter>
    </ClCompile>
    <ClCompile Include="UIExtensionUIHelper.cpp">
      <Filter>Source Files</Filter>
    </ClCompile>
    <ClCompile Include="UIExtensionWnd.cpp">
      <Filter>Source Files</Filter>
    </ClCompile>
    <ClCompile Include="UIThemeFile.cpp">
      <Filter>Source Files</Filter>
    </ClCompile>
    <ClCompile Include="urlricheditctrl.cpp">
      <Filter>Source Files</Filter>
    </ClCompile>
    <ClCompile Include="webbrowserctrl.cpp">
      <Filter>Source Files</Filter>
    </ClCompile>
    <ClCompile Include="weekdaychecklistbox.cpp">
      <Filter>Source Files</Filter>
    </ClCompile>
    <ClCompile Include="Weekdaycombobox.cpp">
      <Filter>Source Files</Filter>
    </ClCompile>
    <ClCompile Include="WinClasses.cpp">
      <Filter>Source Files</Filter>
    </ClCompile>
    <ClCompile Include="WndPrompt.cpp">
      <Filter>Source Files</Filter>
    </ClCompile>
    <ClCompile Include="XmlFile.cpp">
      <Filter>Source Files</Filter>
    </ClCompile>
    <ClCompile Include="xmlfileex.cpp">
      <Filter>Source Files</Filter>
    </ClCompile>
  </ItemGroup>
  <ItemGroup>
    <ClInclude Include="AboutDlg.h">
      <Filter>Header Files</Filter>
    </ClInclude>
    <ClInclude Include="autocombobox.h">
      <Filter>Header Files</Filter>
    </ClInclude>
    <ClInclude Include="AutoFlag.h">
      <Filter>Header Files</Filter>
    </ClInclude>
    <ClInclude Include="BinaryData.h">
      <Filter>Header Files</Filter>
    </ClInclude>
    <ClInclude Include="browserdlg.h">
      <Filter>Header Files</Filter>
    </ClInclude>
    <ClInclude Include="checkcombobox.h">
      <Filter>Header Files</Filter>
    </ClInclude>
    <ClInclude Include="checklistboxex.h">
      <Filter>Header Files</Filter>
    </ClInclude>
    <ClInclude Include="colorbutton.h">
      <Filter>Header Files</Filter>
    </ClInclude>
    <ClInclude Include="colorcombobox.h">
      <Filter>Header Files</Filter>
    </ClInclude>
    <ClInclude Include="ColorDef.h">
      <Filter>Header Files</Filter>
    </ClInclude>
    <ClInclude Include="ContentCtrl.h">
      <Filter>Header Files</Filter>
    </ClInclude>
    <ClInclude Include="ContentMgr.h">
      <Filter>Header Files</Filter>
    </ClInclude>
    <ClInclude Include="contenttypecombobox.h">
      <Filter>Header Files</Filter>
    </ClInclude>
    <ClInclude Include="custombutton.h">
      <Filter>Header Files</Filter>
    </ClInclude>
    <ClInclude Include="DateHelper.h">
      <Filter>Header Files</Filter>
    </ClInclude>
    <ClInclude Include="DateTimeCtrlEx.h">
      <Filter>Header Files</Filter>
    </ClInclude>
    <ClInclude Include="deferWndMove.h">
      <Filter>Header Files</Filter>
    </ClInclude>
    <ClInclude Include="DialogHelper.h">
      <Filter>Header Files</Filter>
    </ClInclude>
    <ClInclude Include="DlgUnits.h">
      <Filter>Header Files</Filter>
    </ClInclude>
    <ClInclude Include="DockManager.h">
      <Filter>Header Files</Filter>
    </ClInclude>
    <ClInclude Include="driveinfo.h">
      <Filter>Header Files</Filter>
    </ClInclude>
    <ClInclude Include="EditShortcutMgr.h">
      <Filter>Header Files</Filter>
    </ClInclude>
    <ClInclude Include="EnBitmap.h">
      <Filter>Header Files</Filter>
    </ClInclude>
    <ClInclude Include="EnBitmapEx.h">
      <Filter>Header Files</Filter>
    </ClInclude>
    <ClInclude Include="enbrowserctrl.h">
      <Filter>Header Files</Filter>
    </ClInclude>
    <ClInclude Include="EnCheckComboBox.h">
      <Filter>Header Files</Filter>
    </ClInclude>
    <ClInclude Include="encolordialog.h">
      <Filter>Header Files</Filter>
    </ClInclude>
    <ClInclude Include="EnCommandLineInfo.h">
      <Filter>Header Files</Filter>
    </ClInclude>
    <ClInclude Include="enedit.h">
      <Filter>Header Files</Filter>
    </ClInclude>
    <ClInclude Include="enfiledialog.h">
      <Filter>Header Files</Filter>
    </ClInclude>
    <ClInclude Include="EnHeaderCtrl.h">
      <Filter>Header Files</Filter>
    </ClInclude>
    <ClInclude Include="enlistctrl.h">
      <Filter>Header Files</Filter>
    </ClInclude>
    <ClInclude Include="EnMenu.h">
      <Filter>Header Files</Filter>
    </ClInclude>
    <ClInclude Include="EnRecentFileList.h">
      <Filter>Header Files</Filter>
    </ClInclude>
    <ClInclude Include="enstatic.h">
      <Filter>Header Files</Filter>
    </ClInclude>
    <ClInclude Include="EnString.h">
      <Filter>Header Files</Filter>
    </ClInclude>
    <ClInclude Include="entoolbar.h">
      <Filter>Header Files</Filter>
    </ClInclude>
    <ClInclude Include="fileedit.h">
      <Filter>Header Files</Filter>
    </ClInclude>
    <ClInclude Include="FILEMISC.H">
      <Filter>Header Files</Filter>
    </ClInclude>
    <ClInclude Include="FileRegister.h">
      <Filter>Header Files</Filter>
    </ClInclude>
    <ClInclude Include="FocusWatcher.h">
      <Filter>Header Files</Filter>
    </ClInclude>
    <ClInclude Include="FolderDialog.h">
      <Filter>Header Files</Filter>
    </ClInclude>
    <ClInclude Include="GdiPlus.h">
      <Filter>Header Files</Filter>
    </ClInclude>
    <ClInclude Include="GraphicsMisc.h">
      <Filter>Header Files</Filter>
    </ClInclude>
    <ClInclude Include="GroupLine.h">
      <Filter>Header Files</Filter>
    </ClInclude>
    <ClInclude Include="HoldRedraw.h">
      <Filter>Header Files</Filter>
    </ClInclude>
    <ClInclude Include="HookMgr.h">
      <Filter>Header Files</Filter>
    </ClInclude>
    <ClInclude Include="HookWndMgr.h">
      <Filter>Header Files</Filter>
    </ClInclude>
    <ClInclude Include="hotkeyctrlex.h">
      <Filter>Header Files</Filter>
    </ClInclude>
    <ClInclude Include="HotTracker.h">
      <Filter>Header Files</Filter>
    </ClInclude>
    <ClInclude Include="HtmlCharMap.h">
      <Filter>Header Files</Filter>
    </ClInclude>
    <ClInclude Include="IContentControl.h">
      <Filter>Header Files</Filter>
    </ClInclude>
    <ClInclude Include="IEncryption.h">
      <Filter>Header Files</Filter>
    </ClInclude>
    <ClInclude Include="IImportExport.h">
      <Filter>Header Files</Filter>
    </ClInclude>
    <ClInclude Include="ImageProcessors.h">
      <Filter>Header Files</Filter>
    </ClInclude>
    <ClInclude Include="ImportExportMgr.h">
      <Filter>Header Files</Filter>
    </ClInclude>
    <ClInclude Include="InputListCtrl.h">
      <Filter>Header Files</Filter>
    </ClInclude>
    <ClInclude Include="IPreferences.h">
      <Filter>Header Files</Filter>
    </ClInclude>
    <ClInclude Include="ISpellCheck.h">
      <Filter>Header Files</Filter>
    </ClInclude>
    <ClInclude Include="ITaskList.h">
      <Filter>Header Files</Filter>
    </ClInclude>
    <ClInclude Include="ITaskListStorage.h">
      <Filter>Header Files</Filter>
    </ClInclude>
    <ClInclude Include="ITransText.h">
      <Filter>Header Files</Filter>
    </ClInclude>
    <ClInclude Include="IUIExtension.h">
      <Filter>Header Files</Filter>
    </ClInclude>
    <ClInclude Include="LightBox.h">
      <Filter>Header Files</Filter>
    </ClInclude>
    <ClInclude Include="Localizer.h">
      <Filter>Header Files</Filter>
    </ClInclude>
    <ClInclude Include="MASKEDIT.H">
      <Filter>Header Files</Filter>
    </ClInclude>
    <ClInclude Include="menubutton.h">
      <Filter>Header Files</Filter>
    </ClInclude>
    <ClInclude Include="MenuIconMgr.h">
      <Filter>Header Files</Filter>
    </ClInclude>
    <ClInclude Include="Misc.h">
      <Filter>Header Files</Filter>
    </ClInclude>
    <ClInclude Include="monthcombobox.h">
      <Filter>Header Files</Filter>
    </ClInclude>
    <ClInclude Include="MouseWheelMgr.h">
      <Filter>Header Files</Filter>
    </ClInclude>
    <ClInclude Include="MSWordHelper.h">
      <Filter>Header Files</Filter>
    </ClInclude>
    <ClInclude Include="NcGutter.h">
      <Filter>Header Files</Filter>
    </ClInclude>
    <ClInclude Include="OrderedTreeCtrl.h">
      <Filter>Header Files</Filter>
    </ClInclude>
    <ClInclude Include="OSVersion.h">
      <Filter>Header Files</Filter>
    </ClInclude>
    <ClInclude Include="OutlookHelper.h">
      <Filter>Header Files</Filter>
    </ClInclude>
    <ClInclude Include="ownerdrawcomboboxbase.h">
      <Filter>Header Files</Filter>
    </ClInclude>
    <ClInclude Include="passworddialog.h">
      <Filter>Header Files</Filter>
    </ClInclude>
    <ClInclude Include="popupEditCtrl.h">
      <Filter>Header Files</Filter>
    </ClInclude>
    <ClInclude Include="popupListboxctrl.h">
      <Filter>Header Files</Filter>
    </ClInclude>
    <ClInclude Include="Preferences.h">
      <Filter>Header Files</Filter>
    </ClInclude>
    <ClInclude Include="PreferencesBase.h">
      <Filter>Header Files</Filter>
    </ClInclude>
    <ClInclude Include="ProgressDlg.h">
      <Filter>Header Files</Filter>
    </ClInclude>
    <ClInclude Include="PropertyPageHost.h">
      <Filter>Header Files</Filter>
    </ClInclude>
    <ClInclude Include="RCCtrlParser.h">
      <Filter>Header Files</Filter>
    </ClInclude>
    <ClInclude Include="Regkey.h">
      <Filter>Header Files</Filter>
    </ClInclude>
    <ClInclude Include="RemoteFile.h">
      <Filter>Header Files</Filter>
    </ClInclude>
    <ClInclude Include="RemoteFileDialog.h">
      <Filter>Header Files</Filter>
    </ClInclude>
    <ClInclude Include="richeditbasectrl.h">
      <Filter>Header Files</Filter>
    </ClInclude>
    <ClInclude Include="RichEditHelper.h">
      <Filter>Header Files</Filter>
    </ClInclude>
    <ClInclude Include="RichEditNcBorder.h">
      <Filter>Header Files</Filter>
    </ClInclude>
    <ClInclude Include="RichEditSpellCheck.h">
      <Filter>Header Files</Filter>
    </ClInclude>
    <ClInclude Include="RuntimeDlg.h">
      <Filter>Header Files</Filter>
    </ClInclude>
    <ClInclude Include="SaveFocus.h">
      <Filter>Header Files</Filter>
    </ClInclude>
    <ClInclude Include="ScrollingPropertyPageHost.h">
      <Filter>Header Files</Filter>
    </ClInclude>
    <ClInclude Include="ServerDlg.h">
      <Filter>Header Files</Filter>
    </ClInclude>
    <ClInclude Include="ShortcutManager.h">
      <Filter>Header Files</Filter>
    </ClInclude>
    <ClInclude Include="SpellCheckDlg.h">
      <Filter>Header Files</Filter>
    </ClInclude>
    <ClInclude Include="SpellChecker.h">
      <Filter>Header Files</Filter>
    </ClInclude>
    <ClInclude Include="StatusBarProgress.h">
      <Filter>Header Files</Filter>
    </ClInclude>
    <ClInclude Include="StickiesAPI.h">
      <Filter>Header Files</Filter>
    </ClInclude>
    <ClInclude Include="StickiesWnd.h">
      <Filter>Header Files</Filter>
    </ClInclude>
    <ClInclude Include="stringres.h">
      <Filter>Header Files</Filter>
    </ClInclude>
    <ClInclude Include="Subclass.h">
      <Filter>Header Files</Filter>
    </ClInclude>
    <ClInclude Include="symbolbutton.h">
      <Filter>Header Files</Filter>
    </ClInclude>
    <ClInclude Include="SysImageList.h">
      <Filter>Header Files</Filter>
    </ClInclude>
    <ClInclude Include="tabbedcombobox.h">
      <Filter>Header Files</Filter>
    </ClInclude>
    <ClInclude Include="tabctrlex.h">
      <Filter>Header Files</Filter>
    </ClInclude>
    <ClInclude Include="TaskListStorageMgr.h">
      <Filter>Header Files</Filter>
    </ClInclude>
    <ClInclude Include="Themed.h">
      <Filter>Header Files</Filter>
    </ClInclude>
    <ClInclude Include="timecombobox.h">
      <Filter>Header Files</Filter>
    </ClInclude>
    <ClInclude Include="TimeEdit.h">
      <Filter>Header Files</Filter>
    </ClInclude>
    <ClInclude Include="TimeHelper.h">
      <Filter>Header Files</Filter>
    </ClInclude>
    <ClInclude Include="ToolbarHelper.h">
      <Filter>Header Files</Filter>
    </ClInclude>
    <ClInclude Include="TransTextMgr.h">
      <Filter>Header Files</Filter>
    </ClInclude>
    <ClInclude Include="TRAYICON.H">
      <Filter>Header Files</Filter>
    </ClInclude>
    <ClInclude Include="TreeCtrlHelper.h">
      <Filter>Header Files</Filter>
    </ClInclude>
    <ClInclude Include="TreeDragDropHelper.h">
      <Filter>Header Files</Filter>
    </ClInclude>
    <ClInclude Include="TreeListSyncer.h">
      <Filter>Header Files</Filter>
    </ClInclude>
    <ClInclude Include="TreeSelectionHelper.h">
      <Filter>Header Files</Filter>
    </ClInclude>
    <ClInclude Include="UIExtensionMgr.h">
      <Filter>Header Files</Filter>
    </ClInclude>
    <ClInclude Include="UIExtensionUIHelper.h">
      <Filter>Header Files</Filter>
    </ClInclude>
    <ClInclude Include="UIExtensionWnd.h">
      <Filter>Header Files</Filter>
    </ClInclude>
    <ClInclude Include="UITHEME.h">
      <Filter>Header Files</Filter>
    </ClInclude>
    <ClInclude Include="UIThemeFile.h">
      <Filter>Header Files</Filter>
    </ClInclude>
    <ClInclude Include="urlricheditctrl.h">
      <Filter>Header Files</Filter>
    </ClInclude>
    <ClInclude Include="wclassdefines.h">
      <Filter>Header Files</Filter>
    </ClInclude>
    <ClInclude Include="webbrowserctrl.h">
      <Filter>Header Files</Filter>
    </ClInclude>
    <ClInclude Include="weekdaychecklistbox.h">
      <Filter>Header Files</Filter>
    </ClInclude>
    <ClInclude Include="Weekdaycombobox.h">
      <Filter>Header Files</Filter>
    </ClInclude>
    <ClInclude Include="WinClasses.h">
      <Filter>Header Files</Filter>
    </ClInclude>
    <ClInclude Include="winstyles.h">
      <Filter>Header Files</Filter>
    </ClInclude>
    <ClInclude Include="WndPrompt.h">
      <Filter>Header Files</Filter>
    </ClInclude>
    <ClInclude Include="XmlCharMap.h">
      <Filter>Header Files</Filter>
    </ClInclude>
    <ClInclude Include="XmlFile.h">
      <Filter>Header Files</Filter>
    </ClInclude>
    <ClInclude Include="xmlfileex.h">
      <Filter>Header Files</Filter>
    </ClInclude>
  </ItemGroup>
</Project>