<?xml version="1.0" encoding="utf-8"?>
<Project ToolsVersion="4.0" xmlns="http://schemas.microsoft.com/developer/msbuild/2003">
  <ItemGroup>
    <Filter Include="Source Files">
      <UniqueIdentifier>{4FC737F1-C7A5-4376-A066-2A32D752A2FF}</UniqueIdentifier>
      <Extensions>cpp;c;cc;cxx;def;odl;idl;hpj;bat;asm;asmx</Extensions>
    </Filter>
    <Filter Include="Header Files">
      <UniqueIdentifier>{93995380-89BD-4b04-88EB-625FBE52EBFB}</UniqueIdentifier>
      <Extensions>h;hh;hpp;hxx;hm;inl;inc;xsd</Extensions>
    </Filter>
    <Filter Include="Resource Files">
      <UniqueIdentifier>{67DA6AB6-F800-4c08-8B7A-83BB121AAD01}</UniqueIdentifier>
      <Extensions>rc;ico;cur;bmp;dlg;rc2;rct;bin;rgs;gif;jpg;jpeg;jpe;resx;tiff;tif;png;wav;mfcribbon-ms</Extensions>
    </Filter>
  </ItemGroup>
  <ItemGroup>
    <Manifest Include="res\todolist.exe.manifest" />
  </ItemGroup>
  <ItemGroup>
    <None Include="res\ToDoList.rc2">
      <Filter>Resource Files</Filter>
    </None>
  </ItemGroup>
  <ItemGroup>
    <Xsd Include="Resources\Misc\todolist_schema.xsd">
      <Filter>Header Files</Filter>
    </Xsd>
    <Xsd Include="Resources\Misc\todolist_simple.xsd">
      <Filter>Header Files</Filter>
    </Xsd>
  </ItemGroup>
  <ItemGroup>
    <ClCompile Include="FilteredToDoCtrl.cpp">
      <Filter>Source Files</Filter>
    </ClCompile>
    <ClCompile Include="KeyboardShortcutDisplayDlg.cpp">
      <Filter>Source Files</Filter>
    </ClCompile>
    <ClCompile Include="MergeToDoList.cpp">
      <Filter>Source Files</Filter>
    </ClCompile>
    <ClCompile Include="MultiTaskFile.cpp">
      <Filter>Source Files</Filter>
    </ClCompile>
    <ClCompile Include="OffsetDatesDlg.cpp">
      <Filter>Source Files</Filter>
    </ClCompile>
    <ClCompile Include="PreferencesDlg.cpp">
      <Filter>Source Files</Filter>
    </ClCompile>
    <ClCompile Include="PreferencesExportPage.cpp">
      <Filter>Source Files</Filter>
    </ClCompile>
    <ClCompile Include="PreferencesFile2Page.cpp">
      <Filter>Source Files</Filter>
    </ClCompile>
    <ClCompile Include="PreferencesFilePage.cpp">
      <Filter>Source Files</Filter>
    </ClCompile>
    <ClCompile Include="PreferencesGenPage.cpp">
      <Filter>Source Files</Filter>
    </ClCompile>
    <ClCompile Include="PreferencesMultiUserPage.cpp">
      <Filter>Source Files</Filter>
    </ClCompile>
    <ClCompile Include="PreferencesShortcutsPage.cpp">
      <Filter>Source Files</Filter>
    </ClCompile>
    <ClCompile Include="PreferencesTaskCalcPage.cpp">
      <Filter>Source Files</Filter>
    </ClCompile>
    <ClCompile Include="PreferencesTaskDefPage.cpp">
      <Filter>Source Files</Filter>
    </ClCompile>
    <ClCompile Include="PreferencesTaskPage.cpp">
      <Filter>Source Files</Filter>
    </ClCompile>
    <ClCompile Include="PreferencesToolPage.cpp">
      <Filter>Source Files</Filter>
    </ClCompile>
    <ClCompile Include="PreferencesUIPage.cpp">
      <Filter>Source Files</Filter>
    </ClCompile>
    <ClCompile Include="PreferencesUITasklistColorsPage.cpp">
      <Filter>Source Files</Filter>
    </ClCompile>
    <ClCompile Include="PreferencesUITasklistPage.cpp">
      <Filter>Source Files</Filter>
    </ClCompile>
    <ClCompile Include="RecurringTaskEdit.cpp">
      <Filter>Source Files</Filter>
    </ClCompile>
    <ClCompile Include="StdAfx.cpp">
      <Filter>Source Files</Filter>
    </ClCompile>
    <ClCompile Include="TabbedToDoCtrl.cpp">
      <Filter>Source Files</Filter>
    </ClCompile>
    <ClCompile Include="TaskClipboard.cpp">
      <Filter>Source Files</Filter>
    </ClCompile>
    <ClCompile Include="TaskFile.cpp">
      <Filter>Source Files</Filter>
    </ClCompile>
    <ClCompile Include="TaskListCsvExporter.cpp">
      <Filter>Source Files</Filter>
    </ClCompile>
    <ClCompile Include="TaskListCsvImporter.cpp">
      <Filter>Source Files</Filter>
    </ClCompile>
    <ClCompile Include="TaskListDropTarget.cpp">
      <Filter>Source Files</Filter>
    </ClCompile>
    <ClCompile Include="TaskListExporterBase.cpp">
      <Filter>Source Files</Filter>
    </ClCompile>
    <ClCompile Include="TaskListHtmlExporter.cpp">
      <Filter>Source Files</Filter>
    </ClCompile>
    <ClCompile Include="TaskListTdlExporter.cpp">
      <Filter>Source Files</Filter>
    </ClCompile>
    <ClCompile Include="TaskListTdlImporter.cpp">
      <Filter>Source Files</Filter>
    </ClCompile>
    <ClCompile Include="TaskListTxtExporter.cpp">
      <Filter>Source Files</Filter>
    </ClCompile>
    <ClCompile Include="TaskSelectionDlg.cpp">
      <Filter>Source Files</Filter>
    </ClCompile>
    <ClCompile Include="TaskTimeLog.cpp">
      <Filter>Source Files</Filter>
    </ClCompile>
    <ClCompile Include="TDCCustomAttributeHelper.cpp">
      <Filter>Source Files</Filter>
    </ClCompile>
    <ClCompile Include="TDCImageList.cpp">
      <Filter>Source Files</Filter>
    </ClCompile>
    <ClCompile Include="TDCListView.cpp">
      <Filter>Source Files</Filter>
    </ClCompile>
    <ClCompile Include="TDCSearchParamHelper.cpp">
      <Filter>Source Files</Filter>
    </ClCompile>
    <ClCompile Include="TDCTreeView.cpp">
      <Filter>Source Files</Filter>
    </ClCompile>
    <ClCompile Include="TDCViewTabControl.cpp">
      <Filter>Source Files</Filter>
    </ClCompile>
    <ClCompile Include="TDLAddLoggedTimeDlg.cpp">
      <Filter>Source Files</Filter>
    </ClCompile>
    <ClCompile Include="TDLAttribListBox.cpp">
      <Filter>Source Files</Filter>
    </ClCompile>
    <ClCompile Include="TDLCmdlineOptionsDlg.cpp">
      <Filter>Source Files</Filter>
    </ClCompile>
    <ClCompile Include="TDLColumnListBox.cpp">
      <Filter>Source Files</Filter>
    </ClCompile>
    <ClCompile Include="TDLColumnSelectionDlg.cpp">
      <Filter>Source Files</Filter>
    </ClCompile>
    <ClCompile Include="TDLContentMgr.cpp">
      <Filter>Source Files</Filter>
    </ClCompile>
    <ClCompile Include="TDLCsvAttributeSetupListCtrl.cpp">
      <Filter>Source Files</Filter>
    </ClCompile>
    <ClCompile Include="TDLCsvImportExportDlg.cpp">
      <Filter>Source Files</Filter>
    </ClCompile>
    <ClCompile Include="TDLCustomAttribFeatureComboBox.cpp">
      <Filter>Source Files</Filter>
    </ClCompile>
    <ClCompile Include="TDLCustomAttributeDlg.cpp">
      <Filter>Source Files</Filter>
    </ClCompile>
    <ClCompile Include="TDLExportDlg.cpp">
      <Filter>Source Files</Filter>
    </ClCompile>
    <ClCompile Include="TDLFilterBar.cpp">
      <Filter>Source Files</Filter>
    </ClCompile>
    <ClCompile Include="TDLFilterComboBox.cpp">
      <Filter>Source Files</Filter>
    </ClCompile>
    <ClCompile Include="TDLFilterDateComboBox.cpp">
      <Filter>Source Files</Filter>
    </ClCompile>
    <ClCompile Include="TDLFilterDlg.cpp">
      <Filter>Source Files</Filter>
    </ClCompile>
    <ClCompile Include="TDLFilterOptionComboBox.cpp">
      <Filter>Source Files</Filter>
    </ClCompile>
    <ClCompile Include="tdlfindresultslistctrl.cpp">
      <Filter>Source Files</Filter>
    </ClCompile>
    <ClCompile Include="tdlfindtaskattributecombobox.cpp">
      <Filter>Source Files</Filter>
    </ClCompile>
    <ClCompile Include="TDLFindTaskExpressionListCtrl.cpp">
      <Filter>Source Files</Filter>
    </ClCompile>
    <ClCompile Include="TDLFindTasksDlg.cpp">
      <Filter>Source Files</Filter>
    </ClCompile>
    <ClCompile Include="tdliconcombobox.cpp">
      <Filter>Source Files</Filter>
    </ClCompile>
    <ClCompile Include="TDLImportDialog.cpp">
      <Filter>Source Files</Filter>
    </ClCompile>
    <ClCompile Include="TDLImportExportMgr.cpp">
      <Filter>Source Files</Filter>
    </ClCompile>
    <ClCompile Include="TDLImportOutlookObjectsDlg.cpp">
      <Filter>Source Files</Filter>
    </ClCompile>
    <ClCompile Include="TDLLanguageComboBox.cpp">
      <Filter>Source Files</Filter>
    </ClCompile>
    <ClCompile Include="TDLLanguageDlg.cpp">
      <Filter>Source Files</Filter>
    </ClCompile>
    <ClCompile Include="TDLMultiSortDlg.cpp">
      <Filter>Source Files</Filter>
    </ClCompile>
    <ClCompile Include="TDLOleMessageFilter.cpp">
      <Filter>Source Files</Filter>
    </ClCompile>
    <ClCompile Include="TDLPrefMigrationDlg.cpp">
      <Filter>Source Files</Filter>
    </ClCompile>
    <ClCompile Include="TDLPrintDialog.cpp">
      <Filter>Source Files</Filter>
    </ClCompile>
    <ClCompile Include="TDLPriorityComboBox.cpp">
      <Filter>Source Files</Filter>
    </ClCompile>
    <ClCompile Include="TDLReuseRecurringTaskDlg.cpp">
      <Filter>Source Files</Filter>
    </ClCompile>
    <ClCompile Include="TDLRiskComboBox.cpp">
      <Filter>Source Files</Filter>
    </ClCompile>
    <ClCompile Include="TDLSendTasksDlg.cpp">
      <Filter>Source Files</Filter>
    </ClCompile>
    <ClCompile Include="TDLSetReminderDlg.cpp">
      <Filter>Source Files</Filter>
    </ClCompile>
    <ClCompile Include="TDLShowReminderDlg.cpp">
      <Filter>Source Files</Filter>
    </ClCompile>
    <ClCompile Include="TDLTaskIconDlg.cpp">
      <Filter>Source Files</Filter>
    </ClCompile>
    <ClCompile Include="TDLTasklistImportDlg.cpp">
      <Filter>Source Files</Filter>
    </ClCompile>
    <ClCompile Include="TDLTasklistStorageMgr.cpp">
      <Filter>Source Files</Filter>
    </ClCompile>
    <ClCompile Include="TDLTransformDialog.cpp">
      <Filter>Source Files</Filter>
    </ClCompile>
    <ClCompile Include="todocommentsctrl.cpp">
      <Filter>Source Files</Filter>
    </ClCompile>
    <ClCompile Include="ToDoCtrl.cpp">
      <Filter>Source Files</Filter>
    </ClCompile>
    <ClCompile Include="ToDoCtrlData.cpp">
      <Filter>Source Files</Filter>
    </ClCompile>
    <ClCompile Include="ToDoCtrlFind.cpp">
      <Filter>Source Files</Filter>
    </ClCompile>
    <ClCompile Include="ToDoCtrlMgr.cpp">
      <Filter>Source Files</Filter>
    </ClCompile>
    <ClCompile Include="ToDoCtrlReminders.cpp">
      <Filter>Source Files</Filter>
    </ClCompile>
    <ClCompile Include="ToDoCtrlUndo.cpp">
      <Filter>Source Files</Filter>
    </ClCompile>
    <ClCompile Include="ToDoitem.cpp">
      <Filter>Source Files</Filter>
    </ClCompile>
    <ClCompile Include="ToDoList.cpp">
      <Filter>Source Files</Filter>
    </ClCompile>
    <ClCompile Include="ToDoListWnd.cpp">
      <Filter>Source Files</Filter>
    </ClCompile>
    <ClCompile Include="ToolsCmdlineParser.cpp">
      <Filter>Source Files</Filter>
    </ClCompile>
    <ClCompile Include="ToolsHelper.cpp">
      <Filter>Source Files</Filter>
    </ClCompile>
    <ClCompile Include="ToolsUserInputDlg.cpp">
      <Filter>Source Files</Filter>
    </ClCompile>
    <ClCompile Include="WelcomeWizard.cpp">
      <Filter>Source Files</Filter>
    </ClCompile>
  </ItemGroup>
  <ItemGroup>
    <ClInclude Include="FilteredToDoCtrl.h">
      <Filter>Header Files</Filter>
    </ClInclude>
    <ClInclude Include="KeyboardShortcutDisplayDlg.h">
      <Filter>Header Files</Filter>
    </ClInclude>
    <ClInclude Include="MergeToDoList.h">
      <Filter>Header Files</Filter>
    </ClInclude>
    <ClInclude Include="MultiTaskFile.h">
      <Filter>Header Files</Filter>
    </ClInclude>
    <ClInclude Include="OffsetDatesDlg.h">
      <Filter>Header Files</Filter>
    </ClInclude>
    <ClInclude Include="PreferencesDlg.h">
      <Filter>Header Files</Filter>
    </ClInclude>
    <ClInclude Include="PreferencesExportPage.h">
      <Filter>Header Files</Filter>
    </ClInclude>
    <ClInclude Include="PreferencesFile2Page.h">
      <Filter>Header Files</Filter>
    </ClInclude>
    <ClInclude Include="PreferencesFilePage.h">
      <Filter>Header Files</Filter>
    </ClInclude>
    <ClInclude Include="PreferencesGenPage.h">
      <Filter>Header Files</Filter>
    </ClInclude>
    <ClInclude Include="PreferencesMultiUserPage.h">
      <Filter>Header Files</Filter>
    </ClInclude>
    <ClInclude Include="PreferencesShortcutsPage.h">
      <Filter>Header Files</Filter>
    </ClInclude>
    <ClInclude Include="PreferencesTaskCalcPage.h">
      <Filter>Header Files</Filter>
    </ClInclude>
    <ClInclude Include="PreferencesTaskDefPage.h">
      <Filter>Header Files</Filter>
    </ClInclude>
    <ClInclude Include="PreferencesTaskPage.h">
      <Filter>Header Files</Filter>
    </ClInclude>
    <ClInclude Include="PreferencesToolPage.h">
      <Filter>Header Files</Filter>
    </ClInclude>
    <ClInclude Include="PreferencesUIPage.h">
      <Filter>Header Files</Filter>
    </ClInclude>
    <ClInclude Include="PreferencesUITasklistColorsPage.h">
      <Filter>Header Files</Filter>
    </ClInclude>
    <ClInclude Include="PreferencesUITasklistPage.h">
      <Filter>Header Files</Filter>
    </ClInclude>
    <ClInclude Include="RecurringTaskEdit.h">
      <Filter>Header Files</Filter>
    </ClInclude>
    <ClInclude Include="Resource.h">
      <Filter>Header Files</Filter>
    </ClInclude>
    <ClInclude Include="StdAfx.h">
      <Filter>Header Files</Filter>
    </ClInclude>
    <ClInclude Include="TabbedToDoCtrl.h">
      <Filter>Header Files</Filter>
    </ClInclude>
    <ClInclude Include="TaskClipboard.h">
      <Filter>Header Files</Filter>
    </ClInclude>
    <ClInclude Include="TaskFile.h">
      <Filter>Header Files</Filter>
    </ClInclude>
    <ClInclude Include="TaskListCsvExporter.h">
      <Filter>Header Files</Filter>
    </ClInclude>
    <ClInclude Include="TaskListCsvImporter.h">
      <Filter>Header Files</Filter>
    </ClInclude>
    <ClInclude Include="TaskListDropTarget.h">
      <Filter>Header Files</Filter>
    </ClInclude>
    <ClInclude Include="TaskListExporterBase.h">
      <Filter>Header Files</Filter>
    </ClInclude>
    <ClInclude Include="TaskListHtmlExporter.h">
      <Filter>Header Files</Filter>
    </ClInclude>
    <ClInclude Include="TaskListTdlExporter.h">
      <Filter>Header Files</Filter>
    </ClInclude>
    <ClInclude Include="TaskListTdlImporter.h">
      <Filter>Header Files</Filter>
    </ClInclude>
    <ClInclude Include="TaskListTxtExporter.h">
      <Filter>Header Files</Filter>
    </ClInclude>
    <ClInclude Include="TaskSelectionDlg.h">
      <Filter>Header Files</Filter>
    </ClInclude>
    <ClInclude Include="TaskTimeLog.h">
      <Filter>Header Files</Filter>
    </ClInclude>
    <ClInclude Include="TDCCustomAttributeHelper.h">
      <Filter>Header Files</Filter>
    </ClInclude>
    <ClInclude Include="tdcenum.h">
      <Filter>Header Files</Filter>
    </ClInclude>
    <ClInclude Include="TDCImageList.h">
      <Filter>Header Files</Filter>
    </ClInclude>
    <ClInclude Include="TDCListView.h">
      <Filter>Header Files</Filter>
    </ClInclude>
    <ClInclude Include="tdcmsg.h">
      <Filter>Header Files</Filter>
    </ClInclude>
    <ClInclude Include="TDCSearchParamHelper.h">
      <Filter>Header Files</Filter>
    </ClInclude>
    <ClInclude Include="tdcstatic.h">
      <Filter>Header Files</Filter>
    </ClInclude>
    <ClInclude Include="tdcstruct.h">
      <Filter>Header Files</Filter>
    </ClInclude>
    <ClInclude Include="TDCTreeView.h">
      <Filter>Header Files</Filter>
    </ClInclude>
    <ClInclude Include="TDCViewTabControl.h">
      <Filter>Header Files</Filter>
    </ClInclude>
    <ClInclude Include="TDLAddLoggedTimeDlg.h">
      <Filter>Header Files</Filter>
    </ClInclude>
    <ClInclude Include="TDLAttribListBox.h">
      <Filter>Header Files</Filter>
    </ClInclude>
    <ClInclude Include="TDLCmdlineOptionsDlg.h">
      <Filter>Header Files</Filter>
    </ClInclude>
    <ClInclude Include="TDLColumnListBox.h">
      <Filter>Header Files</Filter>
    </ClInclude>
    <ClInclude Include="TDLColumnSelectionDlg.h">
      <Filter>Header Files</Filter>
    </ClInclude>
    <ClInclude Include="TDLContentMgr.h">
      <Filter>Header Files</Filter>
    </ClInclude>
    <ClInclude Include="TDLCsvAttributeSetupListCtrl.h">
      <Filter>Header Files</Filter>
    </ClInclude>
    <ClInclude Include="TDLCsvImportExportDlg.h">
      <Filter>Header Files</Filter>
    </ClInclude>
    <ClInclude Include="TDLCustomAttribFeatureComboBox.h">
      <Filter>Header Files</Filter>
    </ClInclude>
    <ClInclude Include="TDLCustomAttributeDlg.h">
      <Filter>Header Files</Filter>
    </ClInclude>
    <ClInclude Include="TDLExportDlg.h">
      <Filter>Header Files</Filter>
    </ClInclude>
    <ClInclude Include="TDLFilterBar.h">
      <Filter>Header Files</Filter>
    </ClInclude>
    <ClInclude Include="TDLFilterComboBox.h">
      <Filter>Header Files</Filter>
    </ClInclude>
    <ClInclude Include="TDLFilterDateComboBox.h">
      <Filter>Header Files</Filter>
    </ClInclude>
    <ClInclude Include="TDLFilterDlg.h">
      <Filter>Header Files</Filter>
    </ClInclude>
    <ClInclude Include="TDLFilterOptionComboBox.h">
      <Filter>Header Files</Filter>
    </ClInclude>
    <ClInclude Include="tdlfindresultslistctrl.h">
      <Filter>Header Files</Filter>
    </ClInclude>
    <ClInclude Include="tdlfindtaskattributecombobox.h">
      <Filter>Header Files</Filter>
    </ClInclude>
    <ClInclude Include="TDLFindTaskExpressionListCtrl.h">
      <Filter>Header Files</Filter>
    </ClInclude>
    <ClInclude Include="TDLFindTasksDlg.h">
      <Filter>Header Files</Filter>
    </ClInclude>
    <ClInclude Include="tdliconcombobox.h">
      <Filter>Header Files</Filter>
    </ClInclude>
    <ClInclude Include="TDLImportDialog.h">
      <Filter>Header Files</Filter>
    </ClInclude>
    <ClInclude Include="TDLImportExportMgr.h">
      <Filter>Header Files</Filter>
    </ClInclude>
    <ClInclude Include="TDLImportOutlookObjectsDlg.h">
      <Filter>Header Files</Filter>
    </ClInclude>
    <ClInclude Include="TDLLanguageComboBox.h">
      <Filter>Header Files</Filter>
    </ClInclude>
    <ClInclude Include="TDLLanguageDlg.h">
      <Filter>Header Files</Filter>
    </ClInclude>
    <ClInclude Include="TDLMultiSortDlg.h">
      <Filter>Header Files</Filter>
    </ClInclude>
    <ClInclude Include="TDLOleMessageFilter.h">
      <Filter>Header Files</Filter>
    </ClInclude>
    <ClInclude Include="TDLPrefMigrationDlg.h">
      <Filter>Header Files</Filter>
    </ClInclude>
    <ClInclude Include="TDLPrintDialog.h">
      <Filter>Header Files</Filter>
    </ClInclude>
    <ClInclude Include="TDLPriorityComboBox.h">
      <Filter>Header Files</Filter>
    </ClInclude>
    <ClInclude Include="TDLReuseRecurringTaskDlg.h">
      <Filter>Header Files</Filter>
    </ClInclude>
    <ClInclude Include="TDLRiskComboBox.h">
      <Filter>Header Files</Filter>
    </ClInclude>
    <ClInclude Include="tdlschemadef.h">
      <Filter>Header Files</Filter>
    </ClInclude>
    <ClInclude Include="TDLSendTasksDlg.h">
      <Filter>Header Files</Filter>
    </ClInclude>
    <ClInclude Include="TDLSetReminderDlg.h">
      <Filter>Header Files</Filter>
    </ClInclude>
    <ClInclude Include="TDLShowReminderDlg.h">
      <Filter>Header Files</Filter>
    </ClInclude>
    <ClInclude Include="TDLTaskIconDlg.h">
      <Filter>Header Files</Filter>
    </ClInclude>
    <ClInclude Include="TDLTasklistImportDlg.h">
      <Filter>Header Files</Filter>
    </ClInclude>
    <ClInclude Include="TDLTasklistStorageMgr.h">
      <Filter>Header Files</Filter>
    </ClInclude>
    <ClInclude Include="TDLTransformDialog.h">
      <Filter>Header Files</Filter>
    </ClInclude>
    <ClInclude Include="tdstringres.h">
      <Filter>Header Files</Filter>
    </ClInclude>
    <ClInclude Include="todocommentsctrl.h">
      <Filter>Header Files</Filter>
    </ClInclude>
    <ClInclude Include="ToDoCtrl.h">
      <Filter>Header Files</Filter>
    </ClInclude>
    <ClInclude Include="ToDoCtrlData.h">
      <Filter>Header Files</Filter>
    </ClInclude>
    <ClInclude Include="ToDoCtrlFind.h">
      <Filter>Header Files</Filter>
    </ClInclude>
    <ClInclude Include="ToDoCtrlMgr.h">
      <Filter>Header Files</Filter>
    </ClInclude>
    <ClInclude Include="ToDoCtrlReminders.h">
      <Filter>Header Files</Filter>
    </ClInclude>
    <ClInclude Include="ToDoCtrlUndo.h">
      <Filter>Header Files</Filter>
    </ClInclude>
    <ClInclude Include="ToDoitem.h">
      <Filter>Header Files</Filter>
    </ClInclude>
    <ClInclude Include="ToDoList.h">
      <Filter>Header Files</Filter>
    </ClInclude>
    <ClInclude Include="ToDoListWnd.h">
      <Filter>Header Files</Filter>
    </ClInclude>
    <ClInclude Include="ToolsCmdlineParser.h">
      <Filter>Header Files</Filter>
    </ClInclude>
    <ClInclude Include="ToolsHelper.h">
      <Filter>Header Files</Filter>
    </ClInclude>
    <ClInclude Include="ToolsUserInputDlg.h">
      <Filter>Header Files</Filter>
    </ClInclude>
    <ClInclude Include="WelcomeWizard.h">
      <Filter>Header Files</Filter>
    </ClInclude>
  </ItemGroup>
  <ItemGroup>
    <ResourceCompile Include="ToDoList.rc">
      <Filter>Resource Files</Filter>
    </ResourceCompile>
  </ItemGroup>
</Project>